
Microsoft Visual Studio Solution File, Format Version 12.00
# Visual Studio Version 17
VisualStudioVersion = 17.10.35027.167
MinimumVisualStudioVersion = 10.0.40219.1
Project("{FAE04EC0-301F-11D3-BF4B-00C04F79EFBC}") = "Pipeline", "Pipeline\Pipeline.csproj", "{FA72CCA1-FC5F-4F74-9172-9B297431B794}"
EndProject
Global
	GlobalSection(SolutionConfigurationPlatforms) = preSolution
		Debug|Any CPU = Debug|Any CPU
		Release|Any CPU = Release|Any CPU
	EndGlobalSection
	GlobalSection(ProjectConfigurationPlatforms) = postSolution
		{FA72CCA1-FC5F-4F74-9172-9B297431B794}.Debug|Any CPU.ActiveCfg = Debug|Any CPU
		{FA72CCA1-FC5F-4F74-9172-9B297431B794}.Debug|Any CPU.Build.0 = Debug|Any CPU
		{FA72CCA1-FC5F-4F74-9172-9B297431B794}.Release|Any CPU.ActiveCfg = Release|Any CPU
		{FA72CCA1-FC5F-4F74-9172-9B297431B794}.Release|Any CPU.Build.0 = Release|Any CPU
	EndGlobalSection
	GlobalSection(SolutionProperties) = preSolution
		HideSolutionNode = FALSE
	EndGlobalSection
	GlobalSection(ExtensibilityGlobals) = postSolution
		SolutionGuid = {6D198DBB-C8AF-4507-8330-D365457390A8}
	EndGlobalSection
EndGlobal
